
Microsoft Visual Studio Solution File, Format Version 12.00
# Visual Studio Version 18
VisualStudioVersion = 18.3.11520.95 d18.3
MinimumVisualStudioVersion = 10.0.40219.1
Project("{FAE04EC0-301F-11D3-BF4B-00C04F79EFBC}") = "csharp_pc_shutdown_tcp_server_v1_0", "csharp_pc_shutdown_tcp_server_v1_0.csproj", "{D2BA1289-CA83-4B3A-94F6-ED9AFE8D335C}"
EndProject
Global
	GlobalSection(SolutionConfigurationPlatforms) = preSolution
		Debug|Any CPU = Debug|Any CPU
		Release|Any CPU = Release|Any CPU
	EndGlobalSection
	GlobalSection(ProjectConfigurationPlatforms) = postSolution
		{D2BA1289-CA83-4B3A-94F6-ED9AFE8D335C}.Debug|Any CPU.ActiveCfg = Debug|Any CPU
		{D2BA1289-CA83-4B3A-94F6-ED9AFE8D335C}.Debug|Any CPU.Build.0 = Debug|Any CPU
		{D2BA1289-CA83-4B3A-94F6-ED9AFE8D335C}.Release|Any CPU.ActiveCfg = Release|Any CPU
		{D2BA1289-CA83-4B3A-94F6-ED9AFE8D335C}.Release|Any CPU.Build.0 = Release|Any CPU
	EndGlobalSection
	GlobalSection(SolutionProperties) = preSolution
		HideSolutionNode = FALSE
	EndGlobalSection
	GlobalSection(ExtensibilityGlobals) = postSolution
		SolutionGuid = {19926762-05DF-419E-BD4D-47FBAAD747CF}
	EndGlobalSection
EndGlobal
